
Microsoft Visual Studio Solution File, Format Version 12.00
# Visual Studio Version 17
VisualStudioVersion = 17.6.33815.320
MinimumVisualStudioVersion = 10.0.40219.1
Project("{FAE04EC0-301F-11D3-BF4B-00C04F79EFBC}") = "ZH3C_Q8E6EZ", "ZH3C_Q8E6EZ\ZH3C_Q8E6EZ.csproj", "{0A4545ED-8B0E-4B3B-8B45-4E81CE7D3B83}"
EndProject
Global
	GlobalSection(SolutionConfigurationPlatforms) = preSolution
		Debug|Any CPU = Debug|Any CPU
		Release|Any CPU = Release|Any CPU
	EndGlobalSection
	GlobalSection(ProjectConfigurationPlatforms) = postSolution
		{0A4545ED-8B0E-4B3B-8B45-4E81CE7D3B83}.Debug|Any CPU.ActiveCfg = Debug|Any CPU
		{0A4545ED-8B0E-4B3B-8B45-4E81CE7D3B83}.Debug|Any CPU.Build.0 = Debug|Any CPU
		{0A4545ED-8B0E-4B3B-8B45-4E81CE7D3B83}.Release|Any CPU.ActiveCfg = Release|Any CPU
		{0A4545ED-8B0E-4B3B-8B45-4E81CE7D3B83}.Release|Any CPU.Build.0 = Release|Any CPU
	EndGlobalSection
	GlobalSection(SolutionProperties) = preSolution
		HideSolutionNode = FALSE
	EndGlobalSection
	GlobalSection(ExtensibilityGlobals) = postSolution
		SolutionGuid = {9C176857-6330-465D-AB57-5E1C30004D7A}
	EndGlobalSection
EndGlobal
